// !$*UTF8*$!
{
	archiveVersion = 1;
	classes = {
	};
	objectVersion = 46;
	objects = {

/* Begin PBXBuildFile section */
		CC5091A21D3790E4008978CA /* AppDelegate.swift in Sources */ = {isa = PBXBuildFile; fileRef = CC5091A11D3790E4008978CA /* AppDelegate.swift */; };
		CC5091A41D3790E4008978CA /* ViewController.swift in Sources */ = {isa = PBXBuildFile; fileRef = CC5091A31D3790E4008978CA /* ViewController.swift */; };
		CC5091A71D3790E4008978CA /* Main.storyboard in Resources */ = {isa = PBXBuildFile; fileRef = CC5091A51D3790E4008978CA /* Main.storyboard */; };
		CC5091AA1D3790E4008978CA /* CountdownApp.xcdatamodeld in Sources */ = {isa = PBXBuildFile; fileRef = CC5091A81D3790E4008978CA /* CountdownApp.xcdatamodeld */; };
		CC5091AC1D3790E4008978CA /* Assets.xcassets in Resources */ = {isa = PBXBuildFile; fileRef = CC5091AB1D3790E4008978CA /* Assets.xcassets */; };
		CC5091AF1D3790E4008978CA /* LaunchScreen.storyboard in Resources */ = {isa = PBXBuildFile; fileRef = CC5091AD1D3790E4008978CA /* LaunchScreen.storyboard */; };
		CC5091BA1D3790E4008978CA /* CountdownAppTests.swift in Sources */ = {isa = PBXBuildFile; fileRef = CC5091B91D3790E4008978CA /* CountdownAppTests.swift */; };
		CC5091C51D3790E4008978CA /* CountdownAppUITests.swift in Sources */ = {isa = PBXBuildFile; fileRef = CC5091C41D3790E4008978CA /* CountdownAppUITests.swift */; };
/* End PBXBuildFile section */

/* Begin PBXContainerItemProxy section */
		CC5091B61D3790E4008978CA /* PBXContainerItemProxy */ = {
			isa = PBXContainerItemProxy;
			containerPortal = CC5091961D3790E4008978CA /* Project object */;
			proxyType = 1;
			remoteGlobalIDString = CC50919D1D3790E4008978CA;
			remoteInfo = CountdownApp;
		};
		CC5091C11D3790E4008978CA /* PBXContainerItemProxy */ = {
			isa = PBXContainerItemProxy;
			containerPortal = CC5091961D3790E4008978CA /* Project object */;
			proxyType = 1;
			remoteGlobalIDString = CC50919D1D3790E4008978CA;
			remoteInfo = CountdownApp;
		};
/* End PBXContainerItemProxy section */

/* Begin PBXFileReference section */
		CC50919E1D3790E4008978CA /* CountdownApp.app */ = {isa = PBXFileReference; explicitFileType = wrapper.application; includeInIndex = 0; path = CountdownApp.app; sourceTree = BUILT_PRODUCTS_DIR; };
		CC5091A11D3790E4008978CA /* AppDelegate.swift */ = {isa = PBXFileReference; lastKnownFileType = sourcecode.swift; path = AppDelegate.swift; sourceTree = "<group>"; };
		CC5091A31D3790E4008978CA /* ViewController.swift */ = {isa = PBXFileReference; lastKnownFileType = sourcecode.swift; path = ViewController.swift; sourceTree = "<group>"; };
		CC5091A61D3790E4008978CA /* Base */ = {isa = PBXFileReference; lastKnownFileType = file.storyboard; name = Base; path = Base.lproj/Main.storyboard; sourceTree = "<group>"; };
		CC5091A91D3790E4008978CA /* CountdownApp.xcdatamodel */ = {isa = PBXFileReference; lastKnownFileType = wrapper.xcdatamodel; path = CountdownApp.xcdatamodel; sourceTree = "<group>"; };
		CC5091AB1D3790E4008978CA /* Assets.xcassets */ = {isa = PBXFileReference; lastKnownFileType = folder.assetcatalog; path = Assets.xcassets; sourceTree = "<group>"; };
		CC5091AE1D3790E4008978CA /* Base */ = {isa = PBXFileReference; lastKnownFileType = file.storyboard; name = Base; path = Base.lproj/LaunchScreen.storyboard; sourceTree = "<group>"; };
		CC5091B01D3790E4008978CA /* Info.plist */ = {isa = PBXFileReference; lastKnownFileType = text.plist.xml; path = Info.plist; sourceTree = "<group>"; };
		CC5091B51D3790E4008978CA /* CountdownAppTests.xctest */ = {isa = PBXFileReference; explicitFileType = wrapper.cfbundle; includeInIndex = 0; path = CountdownAppTests.xctest; sourceTree = BUILT_PRODUCTS_DIR; };
		CC5091B91D3790E4008978CA /* CountdownAppTests.swift */ = {isa = PBXFileReference; lastKnownFileType = sourcecode.swift; path = CountdownAppTests.swift; sourceTree = "<group>"; };
		CC5091BB1D3790E4008978CA /* Info.plist */ = {isa = PBXFileReference; lastKnownFileType = text.plist.xml; path = Info.plist; sourceTree = "<group>"; };
		CC5091C01D3790E4008978CA /* CountdownAppUITests.xctest */ = {isa = PBXFileReference; explicitFileType = wrapper.cfbundle; includeInIndex = 0; path = CountdownAppUITests.xctest; sourceTree = BUILT_PRODUCTS_DIR; };
		CC5091C41D3790E4008978CA /* CountdownAppUITests.swift */ = {isa = PBXFileReference; lastKnownFileType = sourcecode.swift; path = CountdownAppUITests.swift; sourceTree = "<group>"; };
		CC5091C61D3790E4008978CA /* Info.plist */ = {isa = PBXFileReference; lastKnownFileType = text.plist.xml; path = Info.plist; sourceTree = "<group>"; };
/* End PBXFileReference section */

/* Begin PBXFrameworksBuildPhase section */
		CC50919B1D3790E4008978CA /* Frameworks */ = {
			isa = PBXFrameworksBuildPhase;
			buildActionMask = 2147483647;
			files = (
			);
			runOnlyForDeploymentPostprocessing = 0;
		};
		CC5091B21D3790E4008978CA /* Frameworks */ = {
			isa = PBXFrameworksBuildPhase;
			buildActionMask = 2147483647;
			files = (
			);
			runOnlyForDeploymentPostprocessing = 0;
		};
		CC5091BD1D3790E4008978CA /* Frameworks */ = {
			isa = PBXFrameworksBuildPhase;
			buildActionMask = 2147483647;
			files = (
			);
			runOnlyForDeploymentPostprocessing = 0;
		};
/* End PBXFrameworksBuildPhase section */

/* Begin PBXGroup section */
		CC5091951D3790E4008978CA = {
			isa = PBXGroup;
			children = (
				CC5091A01D3790E4008978CA /* CountdownApp */,
				CC5091B81D3790E4008978CA /* CountdownAppTests */,
				CC5091C31D3790E4008978CA /* CountdownAppUITests */,
				CC50919F1D3790E4008978CA /* Products */,
			);
			sourceTree = "<group>";
		};
		CC50919F1D3790E4008978CA /* Products */ = {
			isa = PBXGroup;
			children = (
				CC50919E1D3790E4008978CA /* CountdownApp.app */,
				CC5091B51D3790E4008978CA /* CountdownAppTests.xctest */,
				CC5091C01D3790E4008978CA /* CountdownAppUITests.xctest */,
			);
			name = Products;
			sourceTree = "<group>";
		};
		CC5091A01D3790E4008978CA /* CountdownApp */ = {
			isa = PBXGroup;
			children = (
				CC5091A11D3790E4008978CA /* AppDelegate.swift */,
				CC5091A31D3790E4008978CA /* ViewController.swift */,
				CC5091A51D3790E4008978CA /* Main.storyboard */,
				CC5091AB1D3790E4008978CA /* Assets.xcassets */,
				CC5091AD1D3790E4008978CA /* LaunchScreen.storyboard */,
				CC5091B01D3790E4008978CA /* Info.plist */,
				CC5091A81D3790E4008978CA /* CountdownApp.xcdatamodeld */,
			);
			path = CountdownApp;
			sourceTree = "<group>";
		};
		CC5091B81D3790E4008978CA /* CountdownAppTests */ = {
			isa = PBXGroup;
			children = (
				CC5091B91D3790E4008978CA /* CountdownAppTests.swift */,
				CC5091BB1D3790E4008978CA /* Info.plist */,
			);
			path = CountdownAppTests;
			sourceTree = "<group>";
		};
		CC5091C31D3790E4008978CA /* CountdownAppUITests */ = {
			isa = PBXGroup;
			children = (
				CC5091C41D3790E4008978CA /* CountdownAppUITests.swift */,
				CC5091C61D3790E4008978CA /* Info.plist */,
			);
			path = CountdownAppUITests;
			sourceTree = "<group>";
		};
/* End PBXGroup section */

/* Begin PBXNativeTarget section */
		CC50919D1D3790E4008978CA /* CountdownApp */ = {
			isa = PBXNativeTarget;
			buildConfigurationList = CC5091C91D3790E4008978CA /* Build configuration list for PBXNativeTarget "CountdownApp" */;
			buildPhases = (
				CC50919A1D3790E4008978CA /* Sources */,
				CC50919B1D3790E4008978CA /* Frameworks */,
				CC50919C1D3790E4008978CA /* Resources */,
			);
			buildRules = (
			);
			dependencies = (
			);
			name = CountdownApp;
			productName = CountdownApp;
			productReference = CC50919E1D3790E4008978CA /* CountdownApp.app */;
			productType = "com.apple.product-type.application";
		};
		CC5091B41D3790E4008978CA /* CountdownAppTests */ = {
			isa = PBXNativeTarget;
			buildConfigurationList = CC5091CC1D3790E4008978CA /* Build configuration list for PBXNativeTarget "CountdownAppTests" */;
			buildPhases = (
				CC5091B11D3790E4008978CA /* Sources */,
				CC5091B21D3790E4008978CA /* Frameworks */,
				CC5091B31D3790E4008978CA /* Resources */,
			);
			buildRules = (
			);
			dependencies = (
				CC5091B71D3790E4008978CA /* PBXTargetDependency */,
			);
			name = CountdownAppTests;
			productName = CountdownAppTests;
			productReference = CC5091B51D3790E4008978CA /* CountdownAppTests.xctest */;
			productType = "com.apple.product-type.bundle.unit-test";
		};
		CC5091BF1D3790E4008978CA /* CountdownAppUITests */ = {
			isa = PBXNativeTarget;
			buildConfigurationList = CC5091CF1D3790E4008978CA /* Build configuration list for PBXNativeTarget "CountdownAppUITests" */;
			buildPhases = (
				CC5091BC1D3790E4008978CA /* Sources */,
				CC5091BD1D3790E4008978CA /* Frameworks */,
				CC5091BE1D3790E4008978CA /* Resources */,
			);
			buildRules = (
			);
			dependencies = (
				CC5091C21D3790E4008978CA /* PBXTargetDependency */,
			);
			name = CountdownAppUITests;
			productName = CountdownAppUITests;
			productReference = CC5091C01D3790E4008978CA /* CountdownAppUITests.xctest */;
			productType = "com.apple.product-type.bundle.ui-testing";
		};
/* End PBXNativeTarget section */

/* Begin PBXProject section */
		CC5091961D3790E4008978CA /* Project object */ = {
			isa = PBXProject;
			attributes = {
				LastSwiftUpdateCheck = 0730;
				LastUpgradeCheck = 0730;
				ORGANIZATIONNAME = "Scott A. Beeker";
				TargetAttributes = {
					CC50919D1D3790E4008978CA = {
						CreatedOnToolsVersion = 7.3;
					};
					CC5091B41D3790E4008978CA = {
						CreatedOnToolsVersion = 7.3;
						TestTargetID = CC50919D1D3790E4008978CA;
					};
					CC5091BF1D3790E4008978CA = {
						CreatedOnToolsVersion = 7.3;
						TestTargetID = CC50919D1D3790E4008978CA;
					};
				};
			};
			buildConfigurationList = CC5091991D3790E4008978CA /* Build configuration list for PBXProject "CountdownApp" */;
			compatibilityVersion = "Xcode 3.2";
			developmentRegion = English;
			hasScannedForEncodings = 0;
			knownRegions = (
				en,
				Base,
			);
			mainGroup = CC5091951D3790E4008978CA;
			productRefGroup = CC50919F1D3790E4008978CA /* Products */;
			projectDirPath = "";
			projectRoot = "";
			targets = (
				CC50919D1D3790E4008978CA /* CountdownApp */,
				CC5091B41D3790E4008978CA /* CountdownAppTests */,
				CC5091BF1D3790E4008978CA /* CountdownAppUITests */,
			);
		};
/* End PBXProject section */

/* Begin PBXResourcesBuildPhase section */
		CC50919C1D3790E4008978CA /* Resources */ = {
			isa = PBXResourcesBuildPhase;
			buildActionMask = 2147483647;
			files = (
				CC5091AF1D3790E4008978CA /* LaunchScreen.storyboard in Resources */,
				CC5091AC1D3790E4008978CA /* Assets.xcassets in Resources */,
				CC5091A71D3790E4008978CA /* Main.storyboard in Resources */,
			);
			runOnlyForDeploymentPostprocessing = 0;
		};
		CC5091B31D3790E4008978CA /* Resources */ = {
			isa = PBXResourcesBuildPhase;
			buildActionMask = 2147483647;
			files = (
			);
			runOnlyForDeploymentPostprocessing = 0;
		};
		CC5091BE1D3790E4008978CA /* Resources */ = {
			isa = PBXResourcesBuildPhase;
			buildActionMask = 2147483647;
			files = (
			);
			runOnlyForDeploymentPostprocessing = 0;
		};
/* End PBXResourcesBuildPhase section */

/* Begin PBXSourcesBuildPhase section */
		CC50919A1D3790E4008978CA /* Sources */ = {
			isa = PBXSourcesBuildPhase;
			buildActionMask = 2147483647;
			files = (
				CC5091A41D3790E4008978CA /* ViewController.swift in Sources */,
				CC5091A21D3790E4008978CA /* AppDelegate.swift in Sources */,
				CC5091AA1D3790E4008978CA /* CountdownApp.xcdatamodeld in Sources */,
			);
			runOnlyForDeploymentPostprocessing = 0;
		};
		CC5091B11D3790E4008978CA /* Sources */ = {
			isa = PBXSourcesBuildPhase;
			buildActionMask = 2147483647;
			files = (
				CC5091BA1D3790E4008978CA /* CountdownAppTests.swift in Sources */,
			);
			runOnlyForDeploymentPostprocessing = 0;
		};
		CC5091BC1D3790E4008978CA /* Sources */ = {
			isa = PBXSourcesBuildPhase;
			buildActionMask = 2147483647;
			files = (
				CC5091C51D3790E4008978CA /* CountdownAppUITests.swift in Sources */,
			);
			runOnlyForDeploymentPostprocessing = 0;
		};
/* End PBXSourcesBuildPhase section */

/* Begin PBXTargetDependency section */
		CC5091B71D3790E4008978CA /* PBXTargetDependency */ = {
			isa = PBXTargetDependency;
			target = CC50919D1D3790E4008978CA /* CountdownApp */;
			targetProxy = CC5091B61D3790E4008978CA /* PBXContainerItemProxy */;
		};
		CC5091C21D3790E4008978CA /* PBXTargetDependency */ = {
			isa = PBXTargetDependency;
			target = CC50919D1D3790E4008978CA /* CountdownApp */;
			targetProxy = CC5091C11D3790E4008978CA /* PBXContainerItemProxy */;
		};
/* End PBXTargetDependency section */

/* Begin PBXVariantGroup section */
		CC5091A51D3790E4008978CA /* Main.storyboard */ = {
			isa = PBXVariantGroup;
			children = (
				CC5091A61D3790E4008978CA /* Base */,
			);
			name = Main.storyboard;
			sourceTree = "<group>";
		};
		CC5091AD1D3790E4008978CA /* LaunchScreen.storyboard */ = {
			isa = PBXVariantGroup;
			children = (
				CC5091AE1D3790E4008978CA /* Base */,
			);
			name = LaunchScreen.storyboard;
			sourceTree = "<group>";
		};
/* End PBXVariantGroup section */

/* Begin XCBuildConfiguration section */
		CC5091C71D3790E4008978CA /* Debug */ = {
			isa = XCBuildConfiguration;
			buildSettings = {
				ALWAYS_SEARCH_USER_PATHS = NO;
				CLANG_ANALYZER_NONNULL = YES;
				CLANG_CXX_LANGUAGE_STANDARD = "gnu++0x";
				CLANG_CXX_LIBRARY = "libc++";
				CLANG_ENABLE_MODULES = YES;
				CLANG_ENABLE_OBJC_ARC = YES;
				CLANG_WARN_BOOL_CONVERSION = YES;
				CLANG_WARN_CONSTANT_CONVERSION = YES;
				CLANG_WARN_DIRECT_OBJC_ISA_USAGE = YES_ERROR;
				CLANG_WARN_EMPTY_BODY = YES;
				CLANG_WARN_ENUM_CONVERSION = YES;
				CLANG_WARN_INT_CONVERSION = YES;
				CLANG_WARN_OBJC_ROOT_CLASS = YES_ERROR;
				CLANG_WARN_UNREACHABLE_CODE = YES;
				CLANG_WARN__DUPLICATE_METHOD_MATCH = YES;
				"CODE_SIGN_IDENTITY[sdk=iphoneos*]" = "iPhone Developer";
				COPY_PHASE_STRIP = NO;
				DEBUG_INFORMATION_FORMAT = dwarf;
				ENABLE_STRICT_OBJC_MSGSEND = YES;
				ENABLE_TESTABILITY = YES;
				GCC_C_LANGUAGE_STANDARD = gnu99;
				GCC_DYNAMIC_NO_PIC = NO;
				GCC_NO_COMMON_BLOCKS = YES;
				GCC_OPTIMIZATION_LEVEL = 0;
				GCC_PREPROCESSOR_DEFINITIONS = (
					"DEBUG=1",
					"$(inherited)",
				);
				GCC_WARN_64_TO_32_BIT_CONVERSION = YES;
				GCC_WARN_ABOUT_RETURN_TYPE = YES_ERROR;
				GCC_WARN_UNDECLARED_SELECTOR = YES;
				GCC_WARN_UNINITIALIZED_AUTOS = YES_AGGRESSIVE;
				GCC_WARN_UNUSED_FUNCTION = YES;
				GCC_WARN_UNUSED_VARIABLE = YES;
				IPHONEOS_DEPLOYMENT_TARGET = 9.3;
				MTL_ENABLE_DEBUG_INFO = YES;
				ONLY_ACTIVE_ARCH = YES;
				SDKROOT = iphoneos;
				SWIFT_OPTIMIZATION_LEVEL = "-Onone";
			};
			name = Debug;
		};
		CC5091C81D3790E4008978CA /* Release */ = {
			isa = XCBuildConfiguration;
			buildSettings = {
				ALWAYS_SEARCH_USER_PATHS = NO;
				CLANG_ANALYZER_NONNULL = YES;
				CLANG_CXX_LANGUAGE_STANDARD = "gnu++0x";
				CLANG_CXX_LIBRARY = "libc++";
				CLANG_ENABLE_MODULES = YES;
				CLANG_ENABLE_OBJC_ARC = YES;
				CLANG_WARN_BOOL_CONVERSION = YES;
				CLANG_WARN_CONSTANT_CONVERSION = YES;
				CLANG_WARN_DIRECT_OBJC_ISA_USAGE = YES_ERROR;
				CLANG_WARN_EMPTY_BODY = YES;
				CLANG_WARN_ENUM_CONVERSION = YES;
				CLANG_WARN_INT_CONVERSION = YES;
				CLANG_WARN_OBJC_ROOT_CLASS = YES_ERROR;
				CLANG_WARN_UNREACHABLE_CODE = YES;
				CLANG_WARN__DUPLICATE_METHOD_MATCH = YES;
				"CODE_SIGN_IDENTITY[sdk=iphoneos*]" = "iPhone Developer";
				COPY_PHASE_STRIP = NO;
				DEBUG_INFORMATION_FORMAT = "dwarf-with-dsym";
				ENABLE_NS_ASSERTIONS = NO;
				ENABLE_STRICT_OBJC_MSGSEND = YES;
				GCC_C_LANGUAGE_STANDARD = gnu99;
				GCC_NO_COMMON_BLOCKS = YES;
				GCC_WARN_64_TO_32_BIT_CONVERSION = YES;
				GCC_WARN_ABOUT_RETURN_TYPE = YES_ERROR;
				GCC_WARN_UNDECLARED_SELECTOR = YES;
				GCC_WARN_UNINITIALIZED_AUTOS = YES_AGGRESSIVE;
				GCC_WARN_UNUSED_FUNCTION = YES;
				GCC_WARN_UNUSED_VARIABLE = YES;
				IPHONEOS_DEPLOYMENT_TARGET = 9.3;
				MTL_ENABLE_DEBUG_INFO = NO;
				SDKROOT = iphoneos;
				VALIDATE_PRODUCT = YES;
			};
			name = Release;
		};
		CC5091CA1D3790E4008978CA /* Debug */ = {
			isa = XCBuildConfiguration;
			buildSettings = {
				ASSETCATALOG_COMPILER_APPICON_NAME = AppIcon;
				INFOPLIST_FILE = CountdownApp/Info.plist;
				LD_RUNPATH_SEARCH_PATHS = "$(inherited) @executable_path/Frameworks";
				PRODUCT_BUNDLE_IDENTIFIER = "com.wess-corp.CountdownApp";
				PRODUCT_NAME = "$(TARGET_NAME)";
			};
			name = Debug;
		};
		CC5091CB1D3790E4008978CA /* Release */ = {
			isa = XCBuildConfiguration;
			buildSettings = {
				ASSETCATALOG_COMPILER_APPICON_NAME = AppIcon;
				INFOPLIST_FILE = CountdownApp/Info.plist;
				LD_RUNPATH_SEARCH_PATHS = "$(inherited) @executable_path/Frameworks";
				PRODUCT_BUNDLE_IDENTIFIER = "com.wess-corp.CountdownApp";
				PRODUCT_NAME = "$(TARGET_NAME)";
			};
			name = Release;
		};
		CC5091CD1D3790E4008978CA /* Debug */ = {
			isa = XCBuildConfiguration;
			buildSettings = {
				BUNDLE_LOADER = "$(TEST_HOST)";
				INFOPLIST_FILE = CountdownAppTests/Info.plist;
				LD_RUNPATH_SEARCH_PATHS = "$(inherited) @executable_path/Frameworks @loader_path/Frameworks";
				PRODUCT_BUNDLE_IDENTIFIER = "com.wess-corp.CountdownAppTests";
				PRODUCT_NAME = "$(TARGET_NAME)";
				TEST_HOST = "$(BUILT_PRODUCTS_DIR)/CountdownApp.app/CountdownApp";
			};
			name = Debug;
		};
		CC5091CE1D3790E4008978CA /* Release */ = {
			isa = XCBuildConfiguration;
			buildSettings = {
				BUNDLE_LOADER = "$(TEST_HOST)";
				INFOPLIST_FILE = CountdownAppTests/Info.plist;
				LD_RUNPATH_SEARCH_PATHS = "$(inherited) @executable_path/Frameworks @loader_path/Frameworks";
				PRODUCT_BUNDLE_IDENTIFIER = "com.wess-corp.CountdownAppTests";
				PRODUCT_NAME = "$(TARGET_NAME)";
				TEST_HOST = "$(BUILT_PRODUCTS_DIR)/CountdownApp.app/CountdownApp";
			};
			name = Release;
		};
		CC5091D01D3790E4008978CA /* Debug */ = {
			isa = XCBuildConfiguration;
			buildSettings = {
				INFOPLIST_FILE = CountdownAppUITests/Info.plist;
				LD_RUNPATH_SEARCH_PATHS = "$(inherited) @executable_path/Frameworks @loader_path/Frameworks";
				PRODUCT_BUNDLE_IDENTIFIER = "com.wess-corp.CountdownAppUITests";
				PRODUCT_NAME = "$(TARGET_NAME)";
				TEST_TARGET_NAME = CountdownApp;
			};
			name = Debug;
		};
		CC5091D11D3790E4008978CA /* Release */ = {
			isa = XCBuildConfiguration;
			buildSettings = {
				INFOPLIST_FILE = CountdownAppUITests/Info.plist;
				LD_RUNPATH_SEARCH_PATHS = "$(inherited) @executable_path/Frameworks @loader_path/Frameworks";
				PRODUCT_BUNDLE_IDENTIFIER = "com.wess-corp.CountdownAppUITests";
				PRODUCT_NAME = "$(TARGET_NAME)";
				TEST_TARGET_NAME = CountdownApp;
			};
			name = Release;
		};
/* End XCBuildConfiguration section */

/* Begin XCConfigurationList section */
		CC5091991D3790E4008978CA /* Build configuration list for PBXProject "CountdownApp" */ = {
			isa = XCConfigurationList;
			buildConfigurations = (
				CC5091C71D3790E4008978CA /* Debug */,
				CC5091C81D3790E4008978CA /* Release */,
			);
			defaultConfigurationIsVisible = 0;
			defaultConfigurationName = Release;
		};
		CC5091C91D3790E4008978CA /* Build configuration list for PBXNativeTarget "CountdownApp" */ = {
			isa = XCConfigurationList;
			buildConfigurations = (
				CC5091CA1D3790E4008978CA /* Debug */,
				CC5091CB1D3790E4008978CA /* Release */,
			);
			defaultConfigurationIsVisible = 0;
		};
		CC5091CC1D3790E4008978CA /* Build configuration list for PBXNativeTarget "CountdownAppTests" */ = {
			isa = XCConfigurationList;
			buildConfigurations = (
				CC5091CD1D3790E4008978CA /* Debug */,
				CC5091CE1D3790E4008978CA /* Release */,
			);
			defaultConfigurationIsVisible = 0;
		};
		CC5091CF1D3790E4008978CA /* Build configuration list for PBXNativeTarget "CountdownAppUITests" */ = {
			isa = XCConfigurationList;
			buildConfigurations = (
				CC5091D01D3790E4008978CA /* Debug */,
				CC5091D11D3790E4008978CA /* Release */,
			);
			defaultConfigurationIsVisible = 0;
		};
/* End XCConfigurationList section */

/* Begin XCVersionGroup section */
		CC5091A81D3790E4008978CA /* CountdownApp.xcdatamodeld */ = {
			isa = XCVersionGroup;
			children = (
				CC5091A91D3790E4008978CA /* CountdownApp.xcdatamodel */,
			);
			currentVersion = CC5091A91D3790E4008978CA /* CountdownApp.xcdatamodel */;
			path = CountdownApp.xcdatamodeld;
			sourceTree = "<group>";
			versionGroupType = wrapper.xcdatamodel;
		};
/* End XCVersionGroup section */
	};
	rootObject = CC5091961D3790E4008978CA /* Project object */;
}
