// !$*UTF8*$!
{
	archiveVersion = 1;
	classes = {
	};
	objectVersion = 46;
	objects = {

/* Begin PBXBuildFile section */
		C826F3A81B2EED6D008D7FAF /* AppDelegate.swift in Sources */ = {isa = PBXBuildFile; fileRef = C826F3A71B2EED6D008D7FAF /* AppDelegate.swift */; };
		C826F3AA1B2EED6D008D7FAF /* ViewController.swift in Sources */ = {isa = PBXBuildFile; fileRef = C826F3A91B2EED6D008D7FAF /* ViewController.swift */; };
		C826F3AD1B2EED6D008D7FAF /* Main.storyboard in Resources */ = {isa = PBXBuildFile; fileRef = C826F3AB1B2EED6D008D7FAF /* Main.storyboard */; };
		C826F3AF1B2EED6D008D7FAF /* Assets.xcassets in Resources */ = {isa = PBXBuildFile; fileRef = C826F3AE1B2EED6D008D7FAF /* Assets.xcassets */; };
		C826F3B21B2EED6D008D7FAF /* LaunchScreen.storyboard in Resources */ = {isa = PBXBuildFile; fileRef = C826F3B01B2EED6D008D7FAF /* LaunchScreen.storyboard */; };
		C826F3BA1B2EEE62008D7FAF /* cat.png in Resources */ = {isa = PBXBuildFile; fileRef = C826F3B91B2EEE62008D7FAF /* cat.png */; };
/* End PBXBuildFile section */

/* Begin PBXFileReference section */
		C826F3A41B2EED6D008D7FAF /* Cat Years.app */ = {isa = PBXFileReference; explicitFileType = wrapper.application; includeInIndex = 0; path = "Cat Years.app"; sourceTree = BUILT_PRODUCTS_DIR; };
		C826F3A71B2EED6D008D7FAF /* AppDelegate.swift */ = {isa = PBXFileReference; lastKnownFileType = sourcecode.swift; path = AppDelegate.swift; sourceTree = "<group>"; };
		C826F3A91B2EED6D008D7FAF /* ViewController.swift */ = {isa = PBXFileReference; lastKnownFileType = sourcecode.swift; path = ViewController.swift; sourceTree = "<group>"; };
		C826F3AC1B2EED6D008D7FAF /* Base */ = {isa = PBXFileReference; lastKnownFileType = file.storyboard; name = Base; path = Base.lproj/Main.storyboard; sourceTree = "<group>"; };
		C826F3AE1B2EED6D008D7FAF /* Assets.xcassets */ = {isa = PBXFileReference; lastKnownFileType = folder.assetcatalog; path = Assets.xcassets; sourceTree = "<group>"; };
		C826F3B11B2EED6D008D7FAF /* Base */ = {isa = PBXFileReference; lastKnownFileType = file.storyboard; name = Base; path = Base.lproj/LaunchScreen.storyboard; sourceTree = "<group>"; };
		C826F3B31B2EED6D008D7FAF /* Info.plist */ = {isa = PBXFileReference; lastKnownFileType = text.plist.xml; path = Info.plist; sourceTree = "<group>"; };
		C826F3B91B2EEE62008D7FAF /* cat.png */ = {isa = PBXFileReference; lastKnownFileType = image.png; path = cat.png; sourceTree = "<group>"; };
/* End PBXFileReference section */

/* Begin PBXFrameworksBuildPhase section */
		C826F3A11B2EED6D008D7FAF /* Frameworks */ = {
			isa = PBXFrameworksBuildPhase;
			buildActionMask = 2147483647;
			files = (
			);
			runOnlyForDeploymentPostprocessing = 0;
		};
/* End PBXFrameworksBuildPhase section */

/* Begin PBXGroup section */
		C826F39B1B2EED6D008D7FAF = {
			isa = PBXGroup;
			children = (
				C826F3A61B2EED6D008D7FAF /* Cat Years */,
				C826F3A51B2EED6D008D7FAF /* Products */,
			);
			sourceTree = "<group>";
		};
		C826F3A51B2EED6D008D7FAF /* Products */ = {
			isa = PBXGroup;
			children = (
				C826F3A41B2EED6D008D7FAF /* Cat Years.app */,
			);
			name = Products;
			sourceTree = "<group>";
		};
		C826F3A61B2EED6D008D7FAF /* Cat Years */ = {
			isa = PBXGroup;
			children = (
				C826F3A71B2EED6D008D7FAF /* AppDelegate.swift */,
				C826F3A91B2EED6D008D7FAF /* ViewController.swift */,
				C826F3AB1B2EED6D008D7FAF /* Main.storyboard */,
				C826F3B91B2EEE62008D7FAF /* cat.png */,
				C826F3AE1B2EED6D008D7FAF /* Assets.xcassets */,
				C826F3B01B2EED6D008D7FAF /* LaunchScreen.storyboard */,
				C826F3B31B2EED6D008D7FAF /* Info.plist */,
			);
			path = "Cat Years";
			sourceTree = "<group>";
		};
/* End PBXGroup section */

/* Begin PBXNativeTarget section */
		C826F3A31B2EED6D008D7FAF /* Cat Years */ = {
			isa = PBXNativeTarget;
			buildConfigurationList = C826F3B61B2EED6D008D7FAF /* Build configuration list for PBXNativeTarget "Cat Years" */;
			buildPhases = (
				C826F3A01B2EED6D008D7FAF /* Sources */,
				C826F3A11B2EED6D008D7FAF /* Frameworks */,
				C826F3A21B2EED6D008D7FAF /* Resources */,
			);
			buildRules = (
			);
			dependencies = (
			);
			name = "Cat Years";
			productName = "Cat Years";
			productReference = C826F3A41B2EED6D008D7FAF /* Cat Years.app */;
			productType = "com.apple.product-type.application";
		};
/* End PBXNativeTarget section */

/* Begin PBXProject section */
		C826F39C1B2EED6D008D7FAF /* Project object */ = {
			isa = PBXProject;
			attributes = {
				LastUpgradeCheck = 0700;
				ORGANIZATIONNAME = Appfish;
				TargetAttributes = {
					C826F3A31B2EED6D008D7FAF = {
						CreatedOnToolsVersion = 7.0;
					};
				};
			};
			buildConfigurationList = C826F39F1B2EED6D008D7FAF /* Build configuration list for PBXProject "Cat Years" */;
			compatibilityVersion = "Xcode 3.2";
			developmentRegion = English;
			hasScannedForEncodings = 0;
			knownRegions = (
				en,
				Base,
			);
			mainGroup = C826F39B1B2EED6D008D7FAF;
			productRefGroup = C826F3A51B2EED6D008D7FAF /* Products */;
			projectDirPath = "";
			projectRoot = "";
			targets = (
				C826F3A31B2EED6D008D7FAF /* Cat Years */,
			);
		};
/* End PBXProject section */

/* Begin PBXResourcesBuildPhase section */
		C826F3A21B2EED6D008D7FAF /* Resources */ = {
			isa = PBXResourcesBuildPhase;
			buildActionMask = 2147483647;
			files = (
				C826F3B21B2EED6D008D7FAF /* LaunchScreen.storyboard in Resources */,
				C826F3AF1B2EED6D008D7FAF /* Assets.xcassets in Resources */,
				C826F3BA1B2EEE62008D7FAF /* cat.png in Resources */,
				C826F3AD1B2EED6D008D7FAF /* Main.storyboard in Resources */,
			);
			runOnlyForDeploymentPostprocessing = 0;
		};
/* End PBXResourcesBuildPhase section */

/* Begin PBXSourcesBuildPhase section */
		C826F3A01B2EED6D008D7FAF /* Sources */ = {
			isa = PBXSourcesBuildPhase;
			buildActionMask = 2147483647;
			files = (
				C826F3AA1B2EED6D008D7FAF /* ViewController.swift in Sources */,
				C826F3A81B2EED6D008D7FAF /* AppDelegate.swift in Sources */,
			);
			runOnlyForDeploymentPostprocessing = 0;
		};
/* End PBXSourcesBuildPhase section */

/* Begin PBXVariantGroup section */
		C826F3AB1B2EED6D008D7FAF /* Main.storyboard */ = {
			isa = PBXVariantGroup;
			children = (
				C826F3AC1B2EED6D008D7FAF /* Base */,
			);
			name = Main.storyboard;
			sourceTree = "<group>";
		};
		C826F3B01B2EED6D008D7FAF /* LaunchScreen.storyboard */ = {
			isa = PBXVariantGroup;
			children = (
				C826F3B11B2EED6D008D7FAF /* Base */,
			);
			name = LaunchScreen.storyboard;
			sourceTree = "<group>";
		};
/* End PBXVariantGroup section */

/* Begin XCBuildConfiguration section */
		C826F3B41B2EED6D008D7FAF /* Debug */ = {
			isa = XCBuildConfiguration;
			buildSettings = {
				ALWAYS_SEARCH_USER_PATHS = NO;
				CLANG_CXX_LANGUAGE_STANDARD = "gnu++0x";
				CLANG_CXX_LIBRARY = "libc++";
				CLANG_ENABLE_MODULES = YES;
				CLANG_ENABLE_OBJC_ARC = YES;
				CLANG_WARN_BOOL_CONVERSION = YES;
				CLANG_WARN_CONSTANT_CONVERSION = YES;
				CLANG_WARN_DIRECT_OBJC_ISA_USAGE = YES_ERROR;
				CLANG_WARN_EMPTY_BODY = YES;
				CLANG_WARN_ENUM_CONVERSION = YES;
				CLANG_WARN_INT_CONVERSION = YES;
				CLANG_WARN_OBJC_ROOT_CLASS = YES_ERROR;
				CLANG_WARN_UNREACHABLE_CODE = YES;
				CLANG_WARN__DUPLICATE_METHOD_MATCH = YES;
				"CODE_SIGN_IDENTITY[sdk=iphoneos*]" = "iPhone Developer";
				COPY_PHASE_STRIP = NO;
				DEBUG_INFORMATION_FORMAT = dwarf;
				ENABLE_STRICT_OBJC_MSGSEND = YES;
				ENABLE_TESTABILITY = YES;
				GCC_C_LANGUAGE_STANDARD = gnu99;
				GCC_DYNAMIC_NO_PIC = NO;
				GCC_NO_COMMON_BLOCKS = YES;
				GCC_OPTIMIZATION_LEVEL = 0;
				GCC_PREPROCESSOR_DEFINITIONS = (
					"DEBUG=1",
					"$(inherited)",
				);
				GCC_WARN_64_TO_32_BIT_CONVERSION = YES;
				GCC_WARN_ABOUT_RETURN_TYPE = YES_ERROR;
				GCC_WARN_UNDECLARED_SELECTOR = YES;
				GCC_WARN_UNINITIALIZED_AUTOS = YES_AGGRESSIVE;
				GCC_WARN_UNUSED_FUNCTION = YES;
				GCC_WARN_UNUSED_VARIABLE = YES;
				IPHONEOS_DEPLOYMENT_TARGET = 9.0;
				MTL_ENABLE_DEBUG_INFO = YES;
				ONLY_ACTIVE_ARCH = YES;
				SDKROOT = iphoneos;
				SWIFT_OPTIMIZATION_LEVEL = "-Onone";
			};
			name = Debug;
		};
		C826F3B51B2EED6D008D7FAF /* Release */ = {
			isa = XCBuildConfiguration;
			buildSettings = {
				ALWAYS_SEARCH_USER_PATHS = NO;
				CLANG_CXX_LANGUAGE_STANDARD = "gnu++0x";
				CLANG_CXX_LIBRARY = "libc++";
				CLANG_ENABLE_MODULES = YES;
				CLANG_ENABLE_OBJC_ARC = YES;
				CLANG_WARN_BOOL_CONVERSION = YES;
				CLANG_WARN_CONSTANT_CONVERSION = YES;
				CLANG_WARN_DIRECT_OBJC_ISA_USAGE = YES_ERROR;
				CLANG_WARN_EMPTY_BODY = YES;
				CLANG_WARN_ENUM_CONVERSION = YES;
				CLANG_WARN_INT_CONVERSION = YES;
				CLANG_WARN_OBJC_ROOT_CLASS = YES_ERROR;
				CLANG_WARN_UNREACHABLE_CODE = YES;
				CLANG_WARN__DUPLICATE_METHOD_MATCH = YES;
				"CODE_SIGN_IDENTITY[sdk=iphoneos*]" = "iPhone Developer";
				COPY_PHASE_STRIP = NO;
				DEBUG_INFORMATION_FORMAT = "dwarf-with-dsym";
				ENABLE_NS_ASSERTIONS = NO;
				ENABLE_STRICT_OBJC_MSGSEND = YES;
				GCC_C_LANGUAGE_STANDARD = gnu99;
				GCC_NO_COMMON_BLOCKS = YES;
				GCC_WARN_64_TO_32_BIT_CONVERSION = YES;
				GCC_WARN_ABOUT_RETURN_TYPE = YES_ERROR;
				GCC_WARN_UNDECLARED_SELECTOR = YES;
				GCC_WARN_UNINITIALIZED_AUTOS = YES_AGGRESSIVE;
				GCC_WARN_UNUSED_FUNCTION = YES;
				GCC_WARN_UNUSED_VARIABLE = YES;
				IPHONEOS_DEPLOYMENT_TARGET = 9.0;
				MTL_ENABLE_DEBUG_INFO = NO;
				SDKROOT = iphoneos;
				VALIDATE_PRODUCT = YES;
			};
			name = Release;
		};
		C826F3B71B2EED6D008D7FAF /* Debug */ = {
			isa = XCBuildConfiguration;
			buildSettings = {
				ASSETCATALOG_COMPILER_APPICON_NAME = AppIcon;
				INFOPLIST_FILE = "Cat Years/Info.plist";
				LD_RUNPATH_SEARCH_PATHS = "$(inherited) @executable_path/Frameworks";
				PRODUCT_BUNDLE_IDENTIFIER = "com.appfish.Cat-Years";
				PRODUCT_NAME = "$(TARGET_NAME)";
			};
			name = Debug;
		};
		C826F3B81B2EED6D008D7FAF /* Release */ = {
			isa = XCBuildConfiguration;
			buildSettings = {
				ASSETCATALOG_COMPILER_APPICON_NAME = AppIcon;
				INFOPLIST_FILE = "Cat Years/Info.plist";
				LD_RUNPATH_SEARCH_PATHS = "$(inherited) @executable_path/Frameworks";
				PRODUCT_BUNDLE_IDENTIFIER = "com.appfish.Cat-Years";
				PRODUCT_NAME = "$(TARGET_NAME)";
			};
			name = Release;
		};
/* End XCBuildConfiguration section */

/* Begin XCConfigurationList section */
		C826F39F1B2EED6D008D7FAF /* Build configuration list for PBXProject "Cat Years" */ = {
			isa = XCConfigurationList;
			buildConfigurations = (
				C826F3B41B2EED6D008D7FAF /* Debug */,
				C826F3B51B2EED6D008D7FAF /* Release */,
			);
			defaultConfigurationIsVisible = 0;
			defaultConfigurationName = Release;
		};
		C826F3B61B2EED6D008D7FAF /* Build configuration list for PBXNativeTarget "Cat Years" */ = {
			isa = XCConfigurationList;
			buildConfigurations = (
				C826F3B71B2EED6D008D7FAF /* Debug */,
				C826F3B81B2EED6D008D7FAF /* Release */,
			);
			defaultConfigurationIsVisible = 0;
		};
/* End XCConfigurationList section */
	};
	rootObject = C826F39C1B2EED6D008D7FAF /* Project object */;
}
