// !$*UTF8*$!
{
	archiveVersion = 1;
	classes = {
	};
	objectVersion = 46;
	objects = {

/* Begin PBXBuildFile section */
		CC7C96971D03A551005A7F7F /* AppDelegate.swift in Sources */ = {isa = PBXBuildFile; fileRef = CC7C96961D03A551005A7F7F /* AppDelegate.swift */; };
		CC7C96991D03A551005A7F7F /* ViewController.swift in Sources */ = {isa = PBXBuildFile; fileRef = CC7C96981D03A551005A7F7F /* ViewController.swift */; };
		CC7C969C1D03A551005A7F7F /* Main.storyboard in Resources */ = {isa = PBXBuildFile; fileRef = CC7C969A1D03A551005A7F7F /* Main.storyboard */; };
		CC7C969E1D03A551005A7F7F /* Assets.xcassets in Resources */ = {isa = PBXBuildFile; fileRef = CC7C969D1D03A551005A7F7F /* Assets.xcassets */; };
		CC7C96A11D03A551005A7F7F /* LaunchScreen.storyboard in Resources */ = {isa = PBXBuildFile; fileRef = CC7C969F1D03A551005A7F7F /* LaunchScreen.storyboard */; };
		CC7C96A91D03A9A0005A7F7F /* hero_image_main_2.png in Resources */ = {isa = PBXBuildFile; fileRef = CC7C96A81D03A9A0005A7F7F /* hero_image_main_2.png */; };
/* End PBXBuildFile section */

/* Begin PBXFileReference section */
		CC7C96931D03A551005A7F7F /* MAG.app */ = {isa = PBXFileReference; explicitFileType = wrapper.application; includeInIndex = 0; path = MAG.app; sourceTree = BUILT_PRODUCTS_DIR; };
		CC7C96961D03A551005A7F7F /* AppDelegate.swift */ = {isa = PBXFileReference; lastKnownFileType = sourcecode.swift; path = AppDelegate.swift; sourceTree = "<group>"; };
		CC7C96981D03A551005A7F7F /* ViewController.swift */ = {isa = PBXFileReference; lastKnownFileType = sourcecode.swift; path = ViewController.swift; sourceTree = "<group>"; };
		CC7C969B1D03A551005A7F7F /* Base */ = {isa = PBXFileReference; lastKnownFileType = file.storyboard; name = Base; path = Base.lproj/Main.storyboard; sourceTree = "<group>"; };
		CC7C969D1D03A551005A7F7F /* Assets.xcassets */ = {isa = PBXFileReference; lastKnownFileType = folder.assetcatalog; path = Assets.xcassets; sourceTree = "<group>"; };
		CC7C96A01D03A551005A7F7F /* Base */ = {isa = PBXFileReference; lastKnownFileType = file.storyboard; name = Base; path = Base.lproj/LaunchScreen.storyboard; sourceTree = "<group>"; };
		CC7C96A21D03A551005A7F7F /* Info.plist */ = {isa = PBXFileReference; lastKnownFileType = text.plist.xml; path = Info.plist; sourceTree = "<group>"; };
		CC7C96A81D03A9A0005A7F7F /* hero_image_main_2.png */ = {isa = PBXFileReference; lastKnownFileType = image.png; path = hero_image_main_2.png; sourceTree = "<group>"; };
/* End PBXFileReference section */

/* Begin PBXFrameworksBuildPhase section */
		CC7C96901D03A551005A7F7F /* Frameworks */ = {
			isa = PBXFrameworksBuildPhase;
			buildActionMask = 2147483647;
			files = (
			);
			runOnlyForDeploymentPostprocessing = 0;
		};
/* End PBXFrameworksBuildPhase section */

/* Begin PBXGroup section */
		CC7C968A1D03A551005A7F7F = {
			isa = PBXGroup;
			children = (
				CC7C96951D03A551005A7F7F /* MAG */,
				CC7C96941D03A551005A7F7F /* Products */,
			);
			sourceTree = "<group>";
		};
		CC7C96941D03A551005A7F7F /* Products */ = {
			isa = PBXGroup;
			children = (
				CC7C96931D03A551005A7F7F /* MAG.app */,
			);
			name = Products;
			sourceTree = "<group>";
		};
		CC7C96951D03A551005A7F7F /* MAG */ = {
			isa = PBXGroup;
			children = (
				CC7C96961D03A551005A7F7F /* AppDelegate.swift */,
				CC7C96981D03A551005A7F7F /* ViewController.swift */,
				CC7C969A1D03A551005A7F7F /* Main.storyboard */,
				CC7C969D1D03A551005A7F7F /* Assets.xcassets */,
				CC7C96A81D03A9A0005A7F7F /* hero_image_main_2.png */,
				CC7C969F1D03A551005A7F7F /* LaunchScreen.storyboard */,
				CC7C96A21D03A551005A7F7F /* Info.plist */,
			);
			path = MAG;
			sourceTree = "<group>";
		};
/* End PBXGroup section */

/* Begin PBXNativeTarget section */
		CC7C96921D03A551005A7F7F /* MAG */ = {
			isa = PBXNativeTarget;
			buildConfigurationList = CC7C96A51D03A551005A7F7F /* Build configuration list for PBXNativeTarget "MAG" */;
			buildPhases = (
				CC7C968F1D03A551005A7F7F /* Sources */,
				CC7C96901D03A551005A7F7F /* Frameworks */,
				CC7C96911D03A551005A7F7F /* Resources */,
			);
			buildRules = (
			);
			dependencies = (
			);
			name = MAG;
			productName = MAG;
			productReference = CC7C96931D03A551005A7F7F /* MAG.app */;
			productType = "com.apple.product-type.application";
		};
/* End PBXNativeTarget section */

/* Begin PBXProject section */
		CC7C968B1D03A551005A7F7F /* Project object */ = {
			isa = PBXProject;
			attributes = {
				LastSwiftUpdateCheck = 0730;
				LastUpgradeCheck = 0730;
				ORGANIZATIONNAME = "Scott Beeker";
				TargetAttributes = {
					CC7C96921D03A551005A7F7F = {
						CreatedOnToolsVersion = 7.3.1;
						DevelopmentTeam = VV42ENBT3V;
					};
				};
			};
			buildConfigurationList = CC7C968E1D03A551005A7F7F /* Build configuration list for PBXProject "MAG" */;
			compatibilityVersion = "Xcode 3.2";
			developmentRegion = English;
			hasScannedForEncodings = 0;
			knownRegions = (
				en,
				Base,
			);
			mainGroup = CC7C968A1D03A551005A7F7F;
			productRefGroup = CC7C96941D03A551005A7F7F /* Products */;
			projectDirPath = "";
			projectRoot = "";
			targets = (
				CC7C96921D03A551005A7F7F /* MAG */,
			);
		};
/* End PBXProject section */

/* Begin PBXResourcesBuildPhase section */
		CC7C96911D03A551005A7F7F /* Resources */ = {
			isa = PBXResourcesBuildPhase;
			buildActionMask = 2147483647;
			files = (
				CC7C96A11D03A551005A7F7F /* LaunchScreen.storyboard in Resources */,
				CC7C96A91D03A9A0005A7F7F /* hero_image_main_2.png in Resources */,
				CC7C969E1D03A551005A7F7F /* Assets.xcassets in Resources */,
				CC7C969C1D03A551005A7F7F /* Main.storyboard in Resources */,
			);
			runOnlyForDeploymentPostprocessing = 0;
		};
/* End PBXResourcesBuildPhase section */

/* Begin PBXSourcesBuildPhase section */
		CC7C968F1D03A551005A7F7F /* Sources */ = {
			isa = PBXSourcesBuildPhase;
			buildActionMask = 2147483647;
			files = (
				CC7C96991D03A551005A7F7F /* ViewController.swift in Sources */,
				CC7C96971D03A551005A7F7F /* AppDelegate.swift in Sources */,
			);
			runOnlyForDeploymentPostprocessing = 0;
		};
/* End PBXSourcesBuildPhase section */

/* Begin PBXVariantGroup section */
		CC7C969A1D03A551005A7F7F /* Main.storyboard */ = {
			isa = PBXVariantGroup;
			children = (
				CC7C969B1D03A551005A7F7F /* Base */,
			);
			name = Main.storyboard;
			sourceTree = "<group>";
		};
		CC7C969F1D03A551005A7F7F /* LaunchScreen.storyboard */ = {
			isa = PBXVariantGroup;
			children = (
				CC7C96A01D03A551005A7F7F /* Base */,
			);
			name = LaunchScreen.storyboard;
			sourceTree = "<group>";
		};
/* End PBXVariantGroup section */

/* Begin XCBuildConfiguration section */
		CC7C96A31D03A551005A7F7F /* Debug */ = {
			isa = XCBuildConfiguration;
			buildSettings = {
				ALWAYS_SEARCH_USER_PATHS = NO;
				CLANG_ANALYZER_NONNULL = YES;
				CLANG_CXX_LANGUAGE_STANDARD = "gnu++0x";
				CLANG_CXX_LIBRARY = "libc++";
				CLANG_ENABLE_MODULES = YES;
				CLANG_ENABLE_OBJC_ARC = YES;
				CLANG_WARN_BOOL_CONVERSION = YES;
				CLANG_WARN_CONSTANT_CONVERSION = YES;
				CLANG_WARN_DIRECT_OBJC_ISA_USAGE = YES_ERROR;
				CLANG_WARN_EMPTY_BODY = YES;
				CLANG_WARN_ENUM_CONVERSION = YES;
				CLANG_WARN_INT_CONVERSION = YES;
				CLANG_WARN_OBJC_ROOT_CLASS = YES_ERROR;
				CLANG_WARN_UNREACHABLE_CODE = YES;
				CLANG_WARN__DUPLICATE_METHOD_MATCH = YES;
				"CODE_SIGN_IDENTITY[sdk=iphoneos*]" = "iPhone Developer";
				COPY_PHASE_STRIP = NO;
				DEBUG_INFORMATION_FORMAT = dwarf;
				ENABLE_STRICT_OBJC_MSGSEND = YES;
				ENABLE_TESTABILITY = YES;
				GCC_C_LANGUAGE_STANDARD = gnu99;
				GCC_DYNAMIC_NO_PIC = NO;
				GCC_NO_COMMON_BLOCKS = YES;
				GCC_OPTIMIZATION_LEVEL = 0;
				GCC_PREPROCESSOR_DEFINITIONS = (
					"DEBUG=1",
					"$(inherited)",
				);
				GCC_WARN_64_TO_32_BIT_CONVERSION = YES;
				GCC_WARN_ABOUT_RETURN_TYPE = YES_ERROR;
				GCC_WARN_UNDECLARED_SELECTOR = YES;
				GCC_WARN_UNINITIALIZED_AUTOS = YES_AGGRESSIVE;
				GCC_WARN_UNUSED_FUNCTION = YES;
				GCC_WARN_UNUSED_VARIABLE = YES;
				IPHONEOS_DEPLOYMENT_TARGET = 9.3;
				MTL_ENABLE_DEBUG_INFO = YES;
				ONLY_ACTIVE_ARCH = YES;
				SDKROOT = iphoneos;
				SWIFT_OPTIMIZATION_LEVEL = "-Onone";
			};
			name = Debug;
		};
		CC7C96A41D03A551005A7F7F /* Release */ = {
			isa = XCBuildConfiguration;
			buildSettings = {
				ALWAYS_SEARCH_USER_PATHS = NO;
				CLANG_ANALYZER_NONNULL = YES;
				CLANG_CXX_LANGUAGE_STANDARD = "gnu++0x";
				CLANG_CXX_LIBRARY = "libc++";
				CLANG_ENABLE_MODULES = YES;
				CLANG_ENABLE_OBJC_ARC = YES;
				CLANG_WARN_BOOL_CONVERSION = YES;
				CLANG_WARN_CONSTANT_CONVERSION = YES;
				CLANG_WARN_DIRECT_OBJC_ISA_USAGE = YES_ERROR;
				CLANG_WARN_EMPTY_BODY = YES;
				CLANG_WARN_ENUM_CONVERSION = YES;
				CLANG_WARN_INT_CONVERSION = YES;
				CLANG_WARN_OBJC_ROOT_CLASS = YES_ERROR;
				CLANG_WARN_UNREACHABLE_CODE = YES;
				CLANG_WARN__DUPLICATE_METHOD_MATCH = YES;
				"CODE_SIGN_IDENTITY[sdk=iphoneos*]" = "iPhone Developer";
				COPY_PHASE_STRIP = NO;
				DEBUG_INFORMATION_FORMAT = "dwarf-with-dsym";
				ENABLE_NS_ASSERTIONS = NO;
				ENABLE_STRICT_OBJC_MSGSEND = YES;
				GCC_C_LANGUAGE_STANDARD = gnu99;
				GCC_NO_COMMON_BLOCKS = YES;
				GCC_WARN_64_TO_32_BIT_CONVERSION = YES;
				GCC_WARN_ABOUT_RETURN_TYPE = YES_ERROR;
				GCC_WARN_UNDECLARED_SELECTOR = YES;
				GCC_WARN_UNINITIALIZED_AUTOS = YES_AGGRESSIVE;
				GCC_WARN_UNUSED_FUNCTION = YES;
				GCC_WARN_UNUSED_VARIABLE = YES;
				IPHONEOS_DEPLOYMENT_TARGET = 9.3;
				MTL_ENABLE_DEBUG_INFO = NO;
				SDKROOT = iphoneos;
				VALIDATE_PRODUCT = YES;
			};
			name = Release;
		};
		CC7C96A61D03A551005A7F7F /* Debug */ = {
			isa = XCBuildConfiguration;
			buildSettings = {
				ASSETCATALOG_COMPILER_APPICON_NAME = AppIcon;
				CODE_SIGN_IDENTITY = "iPhone Developer";
				"CODE_SIGN_IDENTITY[sdk=iphoneos*]" = "iPhone Developer";
				INFOPLIST_FILE = MAG/Info.plist;
				LD_RUNPATH_SEARCH_PATHS = "$(inherited) @executable_path/Frameworks";
				PRODUCT_BUNDLE_IDENTIFIER = com.wesscorp.MAG;
				PRODUCT_NAME = "$(TARGET_NAME)";
				PROVISIONING_PROFILE = "";
			};
			name = Debug;
		};
		CC7C96A71D03A551005A7F7F /* Release */ = {
			isa = XCBuildConfiguration;
			buildSettings = {
				ASSETCATALOG_COMPILER_APPICON_NAME = AppIcon;
				CODE_SIGN_IDENTITY = "iPhone Developer";
				"CODE_SIGN_IDENTITY[sdk=iphoneos*]" = "iPhone Developer";
				INFOPLIST_FILE = MAG/Info.plist;
				LD_RUNPATH_SEARCH_PATHS = "$(inherited) @executable_path/Frameworks";
				PRODUCT_BUNDLE_IDENTIFIER = com.wesscorp.MAG;
				PRODUCT_NAME = "$(TARGET_NAME)";
				PROVISIONING_PROFILE = "";
			};
			name = Release;
		};
/* End XCBuildConfiguration section */

/* Begin XCConfigurationList section */
		CC7C968E1D03A551005A7F7F /* Build configuration list for PBXProject "MAG" */ = {
			isa = XCConfigurationList;
			buildConfigurations = (
				CC7C96A31D03A551005A7F7F /* Debug */,
				CC7C96A41D03A551005A7F7F /* Release */,
			);
			defaultConfigurationIsVisible = 0;
			defaultConfigurationName = Release;
		};
		CC7C96A51D03A551005A7F7F /* Build configuration list for PBXNativeTarget "MAG" */ = {
			isa = XCConfigurationList;
			buildConfigurations = (
				CC7C96A61D03A551005A7F7F /* Debug */,
				CC7C96A71D03A551005A7F7F /* Release */,
			);
			defaultConfigurationIsVisible = 0;
		};
/* End XCConfigurationList section */
	};
	rootObject = CC7C968B1D03A551005A7F7F /* Project object */;
}
