// !$*UTF8*$!
{
	archiveVersion = 1;
	classes = {
	};
	objectVersion = 46;
	objects = {

/* Begin PBXBuildFile section */
		C849AA5C1B4BE70A00BB57D0 /* AppDelegate.swift in Sources */ = {isa = PBXBuildFile; fileRef = C849AA5B1B4BE70A00BB57D0 /* AppDelegate.swift */; };
		C849AA5E1B4BE70A00BB57D0 /* ViewController.swift in Sources */ = {isa = PBXBuildFile; fileRef = C849AA5D1B4BE70A00BB57D0 /* ViewController.swift */; };
		C849AA611B4BE70A00BB57D0 /* Main.storyboard in Resources */ = {isa = PBXBuildFile; fileRef = C849AA5F1B4BE70A00BB57D0 /* Main.storyboard */; };
		C849AA631B4BE70A00BB57D0 /* Assets.xcassets in Resources */ = {isa = PBXBuildFile; fileRef = C849AA621B4BE70A00BB57D0 /* Assets.xcassets */; };
		C849AA661B4BE70A00BB57D0 /* LaunchScreen.storyboard in Resources */ = {isa = PBXBuildFile; fileRef = C849AA641B4BE70A00BB57D0 /* LaunchScreen.storyboard */; };
		C849AA6E1B4BE76100BB57D0 /* iAd.framework in Frameworks */ = {isa = PBXBuildFile; fileRef = C849AA6D1B4BE76100BB57D0 /* iAd.framework */; };
/* End PBXBuildFile section */

/* Begin PBXFileReference section */
		C849AA581B4BE70A00BB57D0 /* iAd Demo.app */ = {isa = PBXFileReference; explicitFileType = wrapper.application; includeInIndex = 0; path = "iAd Demo.app"; sourceTree = BUILT_PRODUCTS_DIR; };
		C849AA5B1B4BE70A00BB57D0 /* AppDelegate.swift */ = {isa = PBXFileReference; lastKnownFileType = sourcecode.swift; path = AppDelegate.swift; sourceTree = "<group>"; };
		C849AA5D1B4BE70A00BB57D0 /* ViewController.swift */ = {isa = PBXFileReference; lastKnownFileType = sourcecode.swift; path = ViewController.swift; sourceTree = "<group>"; };
		C849AA601B4BE70A00BB57D0 /* Base */ = {isa = PBXFileReference; lastKnownFileType = file.storyboard; name = Base; path = Base.lproj/Main.storyboard; sourceTree = "<group>"; };
		C849AA621B4BE70A00BB57D0 /* Assets.xcassets */ = {isa = PBXFileReference; lastKnownFileType = folder.assetcatalog; path = Assets.xcassets; sourceTree = "<group>"; };
		C849AA651B4BE70A00BB57D0 /* Base */ = {isa = PBXFileReference; lastKnownFileType = file.storyboard; name = Base; path = Base.lproj/LaunchScreen.storyboard; sourceTree = "<group>"; };
		C849AA671B4BE70A00BB57D0 /* Info.plist */ = {isa = PBXFileReference; lastKnownFileType = text.plist.xml; path = Info.plist; sourceTree = "<group>"; };
		C849AA6D1B4BE76100BB57D0 /* iAd.framework */ = {isa = PBXFileReference; lastKnownFileType = wrapper.framework; name = iAd.framework; path = System/Library/Frameworks/iAd.framework; sourceTree = SDKROOT; };
/* End PBXFileReference section */

/* Begin PBXFrameworksBuildPhase section */
		C849AA551B4BE70A00BB57D0 /* Frameworks */ = {
			isa = PBXFrameworksBuildPhase;
			buildActionMask = 2147483647;
			files = (
				C849AA6E1B4BE76100BB57D0 /* iAd.framework in Frameworks */,
			);
			runOnlyForDeploymentPostprocessing = 0;
		};
/* End PBXFrameworksBuildPhase section */

/* Begin PBXGroup section */
		C849AA4F1B4BE70A00BB57D0 = {
			isa = PBXGroup;
			children = (
				C849AA6D1B4BE76100BB57D0 /* iAd.framework */,
				C849AA5A1B4BE70A00BB57D0 /* iAd Demo */,
				C849AA591B4BE70A00BB57D0 /* Products */,
			);
			sourceTree = "<group>";
		};
		C849AA591B4BE70A00BB57D0 /* Products */ = {
			isa = PBXGroup;
			children = (
				C849AA581B4BE70A00BB57D0 /* iAd Demo.app */,
			);
			name = Products;
			sourceTree = "<group>";
		};
		C849AA5A1B4BE70A00BB57D0 /* iAd Demo */ = {
			isa = PBXGroup;
			children = (
				C849AA5B1B4BE70A00BB57D0 /* AppDelegate.swift */,
				C849AA5D1B4BE70A00BB57D0 /* ViewController.swift */,
				C849AA5F1B4BE70A00BB57D0 /* Main.storyboard */,
				C849AA621B4BE70A00BB57D0 /* Assets.xcassets */,
				C849AA641B4BE70A00BB57D0 /* LaunchScreen.storyboard */,
				C849AA671B4BE70A00BB57D0 /* Info.plist */,
			);
			path = "iAd Demo";
			sourceTree = "<group>";
		};
/* End PBXGroup section */

/* Begin PBXNativeTarget section */
		C849AA571B4BE70A00BB57D0 /* iAd Demo */ = {
			isa = PBXNativeTarget;
			buildConfigurationList = C849AA6A1B4BE70A00BB57D0 /* Build configuration list for PBXNativeTarget "iAd Demo" */;
			buildPhases = (
				C849AA541B4BE70A00BB57D0 /* Sources */,
				C849AA551B4BE70A00BB57D0 /* Frameworks */,
				C849AA561B4BE70A00BB57D0 /* Resources */,
			);
			buildRules = (
			);
			dependencies = (
			);
			name = "iAd Demo";
			productName = "iAd Demo";
			productReference = C849AA581B4BE70A00BB57D0 /* iAd Demo.app */;
			productType = "com.apple.product-type.application";
		};
/* End PBXNativeTarget section */

/* Begin PBXProject section */
		C849AA501B4BE70A00BB57D0 /* Project object */ = {
			isa = PBXProject;
			attributes = {
				LastUpgradeCheck = 0700;
				ORGANIZATIONNAME = Appfish;
				TargetAttributes = {
					C849AA571B4BE70A00BB57D0 = {
						CreatedOnToolsVersion = 7.0;
					};
				};
			};
			buildConfigurationList = C849AA531B4BE70A00BB57D0 /* Build configuration list for PBXProject "iAd Demo" */;
			compatibilityVersion = "Xcode 3.2";
			developmentRegion = English;
			hasScannedForEncodings = 0;
			knownRegions = (
				en,
				Base,
			);
			mainGroup = C849AA4F1B4BE70A00BB57D0;
			productRefGroup = C849AA591B4BE70A00BB57D0 /* Products */;
			projectDirPath = "";
			projectRoot = "";
			targets = (
				C849AA571B4BE70A00BB57D0 /* iAd Demo */,
			);
		};
/* End PBXProject section */

/* Begin PBXResourcesBuildPhase section */
		C849AA561B4BE70A00BB57D0 /* Resources */ = {
			isa = PBXResourcesBuildPhase;
			buildActionMask = 2147483647;
			files = (
				C849AA661B4BE70A00BB57D0 /* LaunchScreen.storyboard in Resources */,
				C849AA631B4BE70A00BB57D0 /* Assets.xcassets in Resources */,
				C849AA611B4BE70A00BB57D0 /* Main.storyboard in Resources */,
			);
			runOnlyForDeploymentPostprocessing = 0;
		};
/* End PBXResourcesBuildPhase section */

/* Begin PBXSourcesBuildPhase section */
		C849AA541B4BE70A00BB57D0 /* Sources */ = {
			isa = PBXSourcesBuildPhase;
			buildActionMask = 2147483647;
			files = (
				C849AA5E1B4BE70A00BB57D0 /* ViewController.swift in Sources */,
				C849AA5C1B4BE70A00BB57D0 /* AppDelegate.swift in Sources */,
			);
			runOnlyForDeploymentPostprocessing = 0;
		};
/* End PBXSourcesBuildPhase section */

/* Begin PBXVariantGroup section */
		C849AA5F1B4BE70A00BB57D0 /* Main.storyboard */ = {
			isa = PBXVariantGroup;
			children = (
				C849AA601B4BE70A00BB57D0 /* Base */,
			);
			name = Main.storyboard;
			sourceTree = "<group>";
		};
		C849AA641B4BE70A00BB57D0 /* LaunchScreen.storyboard */ = {
			isa = PBXVariantGroup;
			children = (
				C849AA651B4BE70A00BB57D0 /* Base */,
			);
			name = LaunchScreen.storyboard;
			sourceTree = "<group>";
		};
/* End PBXVariantGroup section */

/* Begin XCBuildConfiguration section */
		C849AA681B4BE70A00BB57D0 /* Debug */ = {
			isa = XCBuildConfiguration;
			buildSettings = {
				ALWAYS_SEARCH_USER_PATHS = NO;
				CLANG_CXX_LANGUAGE_STANDARD = "gnu++0x";
				CLANG_CXX_LIBRARY = "libc++";
				CLANG_ENABLE_MODULES = YES;
				CLANG_ENABLE_OBJC_ARC = YES;
				CLANG_WARN_BOOL_CONVERSION = YES;
				CLANG_WARN_CONSTANT_CONVERSION = YES;
				CLANG_WARN_DIRECT_OBJC_ISA_USAGE = YES_ERROR;
				CLANG_WARN_EMPTY_BODY = YES;
				CLANG_WARN_ENUM_CONVERSION = YES;
				CLANG_WARN_INT_CONVERSION = YES;
				CLANG_WARN_OBJC_ROOT_CLASS = YES_ERROR;
				CLANG_WARN_UNREACHABLE_CODE = YES;
				CLANG_WARN__DUPLICATE_METHOD_MATCH = YES;
				"CODE_SIGN_IDENTITY[sdk=iphoneos*]" = "iPhone Developer";
				COPY_PHASE_STRIP = NO;
				DEBUG_INFORMATION_FORMAT = dwarf;
				ENABLE_STRICT_OBJC_MSGSEND = YES;
				ENABLE_TESTABILITY = YES;
				GCC_C_LANGUAGE_STANDARD = gnu99;
				GCC_DYNAMIC_NO_PIC = NO;
				GCC_NO_COMMON_BLOCKS = YES;
				GCC_OPTIMIZATION_LEVEL = 0;
				GCC_PREPROCESSOR_DEFINITIONS = (
					"DEBUG=1",
					"$(inherited)",
				);
				GCC_WARN_64_TO_32_BIT_CONVERSION = YES;
				GCC_WARN_ABOUT_RETURN_TYPE = YES_ERROR;
				GCC_WARN_UNDECLARED_SELECTOR = YES;
				GCC_WARN_UNINITIALIZED_AUTOS = YES_AGGRESSIVE;
				GCC_WARN_UNUSED_FUNCTION = YES;
				GCC_WARN_UNUSED_VARIABLE = YES;
				IPHONEOS_DEPLOYMENT_TARGET = 9.0;
				MTL_ENABLE_DEBUG_INFO = YES;
				ONLY_ACTIVE_ARCH = YES;
				SDKROOT = iphoneos;
				SWIFT_OPTIMIZATION_LEVEL = "-Onone";
			};
			name = Debug;
		};
		C849AA691B4BE70A00BB57D0 /* Release */ = {
			isa = XCBuildConfiguration;
			buildSettings = {
				ALWAYS_SEARCH_USER_PATHS = NO;
				CLANG_CXX_LANGUAGE_STANDARD = "gnu++0x";
				CLANG_CXX_LIBRARY = "libc++";
				CLANG_ENABLE_MODULES = YES;
				CLANG_ENABLE_OBJC_ARC = YES;
				CLANG_WARN_BOOL_CONVERSION = YES;
				CLANG_WARN_CONSTANT_CONVERSION = YES;
				CLANG_WARN_DIRECT_OBJC_ISA_USAGE = YES_ERROR;
				CLANG_WARN_EMPTY_BODY = YES;
				CLANG_WARN_ENUM_CONVERSION = YES;
				CLANG_WARN_INT_CONVERSION = YES;
				CLANG_WARN_OBJC_ROOT_CLASS = YES_ERROR;
				CLANG_WARN_UNREACHABLE_CODE = YES;
				CLANG_WARN__DUPLICATE_METHOD_MATCH = YES;
				"CODE_SIGN_IDENTITY[sdk=iphoneos*]" = "iPhone Developer";
				COPY_PHASE_STRIP = NO;
				DEBUG_INFORMATION_FORMAT = "dwarf-with-dsym";
				ENABLE_NS_ASSERTIONS = NO;
				ENABLE_STRICT_OBJC_MSGSEND = YES;
				GCC_C_LANGUAGE_STANDARD = gnu99;
				GCC_NO_COMMON_BLOCKS = YES;
				GCC_WARN_64_TO_32_BIT_CONVERSION = YES;
				GCC_WARN_ABOUT_RETURN_TYPE = YES_ERROR;
				GCC_WARN_UNDECLARED_SELECTOR = YES;
				GCC_WARN_UNINITIALIZED_AUTOS = YES_AGGRESSIVE;
				GCC_WARN_UNUSED_FUNCTION = YES;
				GCC_WARN_UNUSED_VARIABLE = YES;
				IPHONEOS_DEPLOYMENT_TARGET = 9.0;
				MTL_ENABLE_DEBUG_INFO = NO;
				SDKROOT = iphoneos;
				VALIDATE_PRODUCT = YES;
			};
			name = Release;
		};
		C849AA6B1B4BE70A00BB57D0 /* Debug */ = {
			isa = XCBuildConfiguration;
			buildSettings = {
				ASSETCATALOG_COMPILER_APPICON_NAME = AppIcon;
				INFOPLIST_FILE = "iAd Demo/Info.plist";
				LD_RUNPATH_SEARCH_PATHS = "$(inherited) @executable_path/Frameworks";
				PRODUCT_BUNDLE_IDENTIFIER = "com.appfish.iAd-Demo";
				PRODUCT_NAME = "$(TARGET_NAME)";
			};
			name = Debug;
		};
		C849AA6C1B4BE70A00BB57D0 /* Release */ = {
			isa = XCBuildConfiguration;
			buildSettings = {
				ASSETCATALOG_COMPILER_APPICON_NAME = AppIcon;
				INFOPLIST_FILE = "iAd Demo/Info.plist";
				LD_RUNPATH_SEARCH_PATHS = "$(inherited) @executable_path/Frameworks";
				PRODUCT_BUNDLE_IDENTIFIER = "com.appfish.iAd-Demo";
				PRODUCT_NAME = "$(TARGET_NAME)";
			};
			name = Release;
		};
/* End XCBuildConfiguration section */

/* Begin XCConfigurationList section */
		C849AA531B4BE70A00BB57D0 /* Build configuration list for PBXProject "iAd Demo" */ = {
			isa = XCConfigurationList;
			buildConfigurations = (
				C849AA681B4BE70A00BB57D0 /* Debug */,
				C849AA691B4BE70A00BB57D0 /* Release */,
			);
			defaultConfigurationIsVisible = 0;
			defaultConfigurationName = Release;
		};
		C849AA6A1B4BE70A00BB57D0 /* Build configuration list for PBXNativeTarget "iAd Demo" */ = {
			isa = XCConfigurationList;
			buildConfigurations = (
				C849AA6B1B4BE70A00BB57D0 /* Debug */,
				C849AA6C1B4BE70A00BB57D0 /* Release */,
			);
			defaultConfigurationIsVisible = 0;
		};
/* End XCConfigurationList section */
	};
	rootObject = C849AA501B4BE70A00BB57D0 /* Project object */;
}
